{
  "name": "fluent-flip-loader",
  "version": "1.0.0",
  "lockfileVersion": 1,
  "requires": true,
  "dependencies": {
    "flipout": {
      "version": "1.0.0",
      "resolved": "https://registry.npmjs.org/flipout/-/flipout-1.0.0.tgz",
      "integrity": "sha1-muEs8d6FOBeHkPkSVfQDSUoVyxI="
    },
    "fluent-syntax": {
      "version": "0.6.2",
      "resolved": "https://registry.npmjs.org/fluent-syntax/-/fluent-syntax-0.6.2.tgz",
      "integrity": "sha512-/dHWJp2LzOD5HrhHvzkH+FflBI0fUajPHDb0WJc4uwNB+o32Hyn++i8dM6C426gT73GP6ecXx2YnRtZiFnQ1yA=="
    }
  }
}
